
Microsoft Visual Studio Solution File, Format Version 12.00
# Visual Studio Version 16
VisualStudioVersion = 16.0.31729.503
MinimumVisualStudioVersion = 10.0.40219.1
Project("{FAE04EC0-301F-11D3-BF4B-00C04F79EFBC}") = "RestFulHumanResourcesApi", "RestFulHumanResourcesApi\RestFulHumanResourcesApi.csproj", "{4F5672BF-81DA-4D4A-9F0B-3281F3110161}"
EndProject
Project("{FAE04EC0-301F-11D3-BF4B-00C04F79EFBC}") = "HumanResourcesWebApp", "HumanResourcesWebApp\HumanResourcesWebApp.csproj", "{3EE91510-63D2-40D3-BAF5-2EBD308B6F99}"
EndProject
Global
	GlobalSection(SolutionConfigurationPlatforms) = preSolution
		Debug|Any CPU = Debug|Any CPU
		Release|Any CPU = Release|Any CPU
	EndGlobalSection
	GlobalSection(ProjectConfigurationPlatforms) = postSolution
		{4F5672BF-81DA-4D4A-9F0B-3281F3110161}.Debug|Any CPU.ActiveCfg = Debug|Any CPU
		{4F5672BF-81DA-4D4A-9F0B-3281F3110161}.Debug|Any CPU.Build.0 = Debug|Any CPU
		{4F5672BF-81DA-4D4A-9F0B-3281F3110161}.Release|Any CPU.ActiveCfg = Release|Any CPU
		{4F5672BF-81DA-4D4A-9F0B-3281F3110161}.Release|Any CPU.Build.0 = Release|Any CPU
		{3EE91510-63D2-40D3-BAF5-2EBD308B6F99}.Debug|Any CPU.ActiveCfg = Debug|Any CPU
		{3EE91510-63D2-40D3-BAF5-2EBD308B6F99}.Debug|Any CPU.Build.0 = Debug|Any CPU
		{3EE91510-63D2-40D3-BAF5-2EBD308B6F99}.Release|Any CPU.ActiveCfg = Release|Any CPU
		{3EE91510-63D2-40D3-BAF5-2EBD308B6F99}.Release|Any CPU.Build.0 = Release|Any CPU
	EndGlobalSection
	GlobalSection(SolutionProperties) = preSolution
		HideSolutionNode = FALSE
	EndGlobalSection
	GlobalSection(ExtensibilityGlobals) = postSolution
		SolutionGuid = {DB363FD1-E8AE-4293-9138-4EA99B6A4399}
	EndGlobalSection
EndGlobal
